
Microsoft Visual Studio Solution File, Format Version 12.00
# Visual Studio Version 16
VisualStudioVersion = 16.0.31105.61
MinimumVisualStudioVersion = 10.0.40219.1
Project("{FAE04EC0-301F-11D3-BF4B-00C04F79EFBC}") = "ToqaMongoDbNew", "ToqaMongoDbNew\ToqaMongoDbNew.csproj", "{B40F94AC-5EA7-421F-BC87-4001C3A32C53}"
EndProject
Project("{FAE04EC0-301F-11D3-BF4B-00C04F79EFBC}") = "IdentityMongo", "IdentityMongo\IdentityMongo.csproj", "{F5662600-34F9-4206-8EFF-FA0BC17C2F3F}"
EndProject
Global
	GlobalSection(SolutionConfigurationPlatforms) = preSolution
		Debug|Any CPU = Debug|Any CPU
		Release|Any CPU = Release|Any CPU
	EndGlobalSection
	GlobalSection(ProjectConfigurationPlatforms) = postSolution
		{B40F94AC-5EA7-421F-BC87-4001C3A32C53}.Debug|Any CPU.ActiveCfg = Debug|Any CPU
		{B40F94AC-5EA7-421F-BC87-4001C3A32C53}.Debug|Any CPU.Build.0 = Debug|Any CPU
		{B40F94AC-5EA7-421F-BC87-4001C3A32C53}.Release|Any CPU.ActiveCfg = Release|Any CPU
		{B40F94AC-5EA7-421F-BC87-4001C3A32C53}.Release|Any CPU.Build.0 = Release|Any CPU
		{F5662600-34F9-4206-8EFF-FA0BC17C2F3F}.Debug|Any CPU.ActiveCfg = Debug|Any CPU
		{F5662600-34F9-4206-8EFF-FA0BC17C2F3F}.Debug|Any CPU.Build.0 = Debug|Any CPU
		{F5662600-34F9-4206-8EFF-FA0BC17C2F3F}.Release|Any CPU.ActiveCfg = Release|Any CPU
		{F5662600-34F9-4206-8EFF-FA0BC17C2F3F}.Release|Any CPU.Build.0 = Release|Any CPU
	EndGlobalSection
	GlobalSection(SolutionProperties) = preSolution
		HideSolutionNode = FALSE
	EndGlobalSection
	GlobalSection(ExtensibilityGlobals) = postSolution
		SolutionGuid = {06D42E06-2B9E-4934-82AA-2799DCBB0301}
	EndGlobalSection
EndGlobal
